
Microsoft Visual Studio Solution File, Format Version 12.00
Project("{FAE04EC0-301F-11D3-BF4B-00C04F79EFBC}") = "AmdConverterTelegramBot", "AmdConverterTelegramBot\AmdConverterTelegramBot.csproj", "{C6E1C878-BA2A-457D-9B20-7AACD60A1CC6}"
EndProject
Project("{FAE04EC0-301F-11D3-BF4B-00C04F79EFBC}") = "AmdConverterTelegramBotTests", "AmdConverterTelegramBotTests\AmdConverterTelegramBotTests.csproj", "{61C1815C-6EAC-4452-A7BD-FBB1C5236CE4}"
EndProject
Global
	GlobalSection(SolutionConfigurationPlatforms) = preSolution
		Debug|Any CPU = Debug|Any CPU
		Release|Any CPU = Release|Any CPU
	EndGlobalSection
	GlobalSection(ProjectConfigurationPlatforms) = postSolution
		{C6E1C878-BA2A-457D-9B20-7AACD60A1CC6}.Debug|Any CPU.ActiveCfg = Debug|Any CPU
		{C6E1C878-BA2A-457D-9B20-7AACD60A1CC6}.Debug|Any CPU.Build.0 = Debug|Any CPU
		{C6E1C878-BA2A-457D-9B20-7AACD60A1CC6}.Release|Any CPU.ActiveCfg = Release|Any CPU
		{C6E1C878-BA2A-457D-9B20-7AACD60A1CC6}.Release|Any CPU.Build.0 = Release|Any CPU
		{61C1815C-6EAC-4452-A7BD-FBB1C5236CE4}.Debug|Any CPU.ActiveCfg = Debug|Any CPU
		{61C1815C-6EAC-4452-A7BD-FBB1C5236CE4}.Debug|Any CPU.Build.0 = Debug|Any CPU
		{61C1815C-6EAC-4452-A7BD-FBB1C5236CE4}.Release|Any CPU.ActiveCfg = Release|Any CPU
		{61C1815C-6EAC-4452-A7BD-FBB1C5236CE4}.Release|Any CPU.Build.0 = Release|Any CPU
	EndGlobalSection
EndGlobal
